
Microsoft Visual Studio Solution File, Format Version 12.00
# Visual Studio 15
Project("{FAE04EC0-301F-11D3-BF4B-00C04F79EFBC}") = "Assembly-CSharp", "Assembly-CSharp.csproj", "{01AC10D3-338B-A41B-3B30-1252580A9F80}"
EndProject
Project("{FAE04EC0-301F-11D3-BF4B-00C04F79EFBC}") = "Assembly-CSharp-Editor", "Assembly-CSharp-Editor.csproj", "{2CCA5848-D1B3-B022-8E80-A7E7297C4583}"
EndProject
Global
	GlobalSection(SolutionConfigurationPlatforms) = preSolution
		Debug|Any CPU = Debug|Any CPU
		Release|Any CPU = Release|Any CPU
	EndGlobalSection
	GlobalSection(ProjectConfigurationPlatforms) = postSolution
		{01AC10D3-338B-A41B-3B30-1252580A9F80}.Debug|Any CPU.ActiveCfg = Debug|Any CPU
		{01AC10D3-338B-A41B-3B30-1252580A9F80}.Debug|Any CPU.Build.0 = Debug|Any CPU
		{01AC10D3-338B-A41B-3B30-1252580A9F80}.Release|Any CPU.ActiveCfg = Release|Any CPU
		{01AC10D3-338B-A41B-3B30-1252580A9F80}.Release|Any CPU.Build.0 = Release|Any CPU
		{2CCA5848-D1B3-B022-8E80-A7E7297C4583}.Debug|Any CPU.ActiveCfg = Debug|Any CPU
		{2CCA5848-D1B3-B022-8E80-A7E7297C4583}.Debug|Any CPU.Build.0 = Debug|Any CPU
		{2CCA5848-D1B3-B022-8E80-A7E7297C4583}.Release|Any CPU.ActiveCfg = Release|Any CPU
		{2CCA5848-D1B3-B022-8E80-A7E7297C4583}.Release|Any CPU.Build.0 = Release|Any CPU
	EndGlobalSection
	GlobalSection(SolutionProperties) = preSolution
		HideSolutionNode = FALSE
	EndGlobalSection
EndGlobal
